
Microsoft Visual Studio Solution File, Format Version 12.00
# Visual Studio Version 16
VisualStudioVersion = 16.0.30204.135
MinimumVisualStudioVersion = 10.0.40219.1
Project("{FAE04EC0-301F-11D3-BF4B-00C04F79EFBC}") = "ProyectoApp4", "ProyectoApp4\ProyectoApp4.csproj", "{F285E1B1-38D7-4498-81CC-8175026FAE39}"
EndProject
Global
	GlobalSection(SolutionConfigurationPlatforms) = preSolution
		Debug|Any CPU = Debug|Any CPU
		Release|Any CPU = Release|Any CPU
	EndGlobalSection
	GlobalSection(ProjectConfigurationPlatforms) = postSolution
		{F285E1B1-38D7-4498-81CC-8175026FAE39}.Debug|Any CPU.ActiveCfg = Debug|Any CPU
		{F285E1B1-38D7-4498-81CC-8175026FAE39}.Debug|Any CPU.Build.0 = Debug|Any CPU
		{F285E1B1-38D7-4498-81CC-8175026FAE39}.Release|Any CPU.ActiveCfg = Release|Any CPU
		{F285E1B1-38D7-4498-81CC-8175026FAE39}.Release|Any CPU.Build.0 = Release|Any CPU
	EndGlobalSection
	GlobalSection(SolutionProperties) = preSolution
		HideSolutionNode = FALSE
	EndGlobalSection
	GlobalSection(ExtensibilityGlobals) = postSolution
		SolutionGuid = {1AEA11D2-1389-4495-9FCD-BA1A99255B9F}
	EndGlobalSection
EndGlobal
